
Microsoft Visual Studio Solution File, Format Version 12.00
# Visual Studio 14
VisualStudioVersion = 14.0.25123.0
MinimumVisualStudioVersion = 10.0.40219.1
Project("{FAE04EC0-301F-11D3-BF4B-00C04F79EFBC}") = "File Manager Lord of the File", "File Manager Lord of the File\File Manager Lord of the File.csproj", "{ABF48FBD-C1B1-4D60-9870-F74C1B5CA4B6}"
EndProject
Project("{FAE04EC0-301F-11D3-BF4B-00C04F79EFBC}") = "serverPRO", "serverPRO\serverPRO.csproj", "{22609112-914B-448D-A0D2-797B8131C222}"
EndProject
Global
	GlobalSection(SolutionConfigurationPlatforms) = preSolution
		Debug|Any CPU = Debug|Any CPU
		Release|Any CPU = Release|Any CPU
	EndGlobalSection
	GlobalSection(ProjectConfigurationPlatforms) = postSolution
		{ABF48FBD-C1B1-4D60-9870-F74C1B5CA4B6}.Debug|Any CPU.ActiveCfg = Debug|Any CPU
		{ABF48FBD-C1B1-4D60-9870-F74C1B5CA4B6}.Debug|Any CPU.Build.0 = Debug|Any CPU
		{ABF48FBD-C1B1-4D60-9870-F74C1B5CA4B6}.Release|Any CPU.ActiveCfg = Release|Any CPU
		{ABF48FBD-C1B1-4D60-9870-F74C1B5CA4B6}.Release|Any CPU.Build.0 = Release|Any CPU
		{22609112-914B-448D-A0D2-797B8131C222}.Debug|Any CPU.ActiveCfg = Debug|Any CPU
		{22609112-914B-448D-A0D2-797B8131C222}.Debug|Any CPU.Build.0 = Debug|Any CPU
		{22609112-914B-448D-A0D2-797B8131C222}.Release|Any CPU.ActiveCfg = Release|Any CPU
		{22609112-914B-448D-A0D2-797B8131C222}.Release|Any CPU.Build.0 = Release|Any CPU
	EndGlobalSection
	GlobalSection(SolutionProperties) = preSolution
		HideSolutionNode = FALSE
	EndGlobalSection
EndGlobal
